
Microsoft Visual Studio Solution File, Format Version 12.00
# Visual Studio Version 16
VisualStudioVersion = 16.0.29123.88
MinimumVisualStudioVersion = 10.0.40219.1
Project("{FAE04EC0-301F-11D3-BF4B-00C04F79EFBC}") = "gcBonus17", "gcBonus17\gcBonus17.csproj", "{EEA407C2-295A-4F42-83B7-3C86BB142B65}"
EndProject
Global
	GlobalSection(SolutionConfigurationPlatforms) = preSolution
		Debug|Any CPU = Debug|Any CPU
		Release|Any CPU = Release|Any CPU
	EndGlobalSection
	GlobalSection(ProjectConfigurationPlatforms) = postSolution
		{EEA407C2-295A-4F42-83B7-3C86BB142B65}.Debug|Any CPU.ActiveCfg = Debug|Any CPU
		{EEA407C2-295A-4F42-83B7-3C86BB142B65}.Debug|Any CPU.Build.0 = Debug|Any CPU
		{EEA407C2-295A-4F42-83B7-3C86BB142B65}.Release|Any CPU.ActiveCfg = Release|Any CPU
		{EEA407C2-295A-4F42-83B7-3C86BB142B65}.Release|Any CPU.Build.0 = Release|Any CPU
	EndGlobalSection
	GlobalSection(SolutionProperties) = preSolution
		HideSolutionNode = FALSE
	EndGlobalSection
	GlobalSection(ExtensibilityGlobals) = postSolution
		SolutionGuid = {2C8BD086-E77B-4932-AF57-B480D65E2BCA}
	EndGlobalSection
EndGlobal
